
Microsoft Visual Studio Solution File, Format Version 12.00
# Visual Studio Version 17
VisualStudioVersion = 17.0.32112.339
MinimumVisualStudioVersion = 10.0.40219.1
Project("{9A19103F-16F7-4668-BE54-9A1E7A4F7556}") = "WalletApi", "WalletApi\WalletApi.csproj", "{2FEA4C48-406A-4B5A-BC87-7029C2421F41}"
EndProject
Project("{9A19103F-16F7-4668-BE54-9A1E7A4F7556}") = "Wallet.Entities", "Wallet.Entities\Wallet.Entities.csproj", "{E0E6144B-AB07-41B1-98ED-AFECF59C6B98}"
EndProject
Project("{9A19103F-16F7-4668-BE54-9A1E7A4F7556}") = "Wallet.Logger", "Wallet.Logger\Wallet.Logger.csproj", "{6C9BEA33-5CCE-439B-958D-0D6CF90994E0}"
EndProject
Project("{9A19103F-16F7-4668-BE54-9A1E7A4F7556}") = "Wallet.Services", "Wallet.Services\Wallet.Services.csproj", "{AFC40601-6006-4436-AAD3-F428979E777B}"
EndProject
Project("{9A19103F-16F7-4668-BE54-9A1E7A4F7556}") = "Wallet.UnitTest", "Wallet.UnitTest\Wallet.UnitTest.csproj", "{C3003FC4-7EE0-4428-A770-85FB507F7065}"
EndProject
Project("{9A19103F-16F7-4668-BE54-9A1E7A4F7556}") = "Wallet.IntegrationTesting", "Wallet.IntegrationTesting\Wallet.IntegrationTesting.csproj", "{89ED7D73-1375-43D0-A249-8A02565BEB20}"
EndProject
Project("{9A19103F-16F7-4668-BE54-9A1E7A4F7556}") = "Wallet.Data", "Wallet.Data\Wallet.Data.csproj", "{7B9B241E-B35B-46DD-892D-35265E772744}"
EndProject
Project("{E53339B2-1760-4266-BCC7-CA923CBCF16C}") = "docker-compose", "docker-compose.dcproj", "{DF9C6035-0FF0-47C8-B09F-C05BE6B5BB40}"
EndProject
Global
	GlobalSection(SolutionConfigurationPlatforms) = preSolution
		Debug|Any CPU = Debug|Any CPU
		Release|Any CPU = Release|Any CPU
	EndGlobalSection
	GlobalSection(ProjectConfigurationPlatforms) = postSolution
		{2FEA4C48-406A-4B5A-BC87-7029C2421F41}.Debug|Any CPU.ActiveCfg = Debug|Any CPU
		{2FEA4C48-406A-4B5A-BC87-7029C2421F41}.Debug|Any CPU.Build.0 = Debug|Any CPU
		{2FEA4C48-406A-4B5A-BC87-7029C2421F41}.Release|Any CPU.ActiveCfg = Release|Any CPU
		{2FEA4C48-406A-4B5A-BC87-7029C2421F41}.Release|Any CPU.Build.0 = Release|Any CPU
		{E0E6144B-AB07-41B1-98ED-AFECF59C6B98}.Debug|Any CPU.ActiveCfg = Debug|Any CPU
		{E0E6144B-AB07-41B1-98ED-AFECF59C6B98}.Debug|Any CPU.Build.0 = Debug|Any CPU
		{E0E6144B-AB07-41B1-98ED-AFECF59C6B98}.Release|Any CPU.ActiveCfg = Release|Any CPU
		{E0E6144B-AB07-41B1-98ED-AFECF59C6B98}.Release|Any CPU.Build.0 = Release|Any CPU
		{6C9BEA33-5CCE-439B-958D-0D6CF90994E0}.Debug|Any CPU.ActiveCfg = Debug|Any CPU
		{6C9BEA33-5CCE-439B-958D-0D6CF90994E0}.Debug|Any CPU.Build.0 = Debug|Any CPU
		{6C9BEA33-5CCE-439B-958D-0D6CF90994E0}.Release|Any CPU.ActiveCfg = Release|Any CPU
		{6C9BEA33-5CCE-439B-958D-0D6CF90994E0}.Release|Any CPU.Build.0 = Release|Any CPU
		{AFC40601-6006-4436-AAD3-F428979E777B}.Debug|Any CPU.ActiveCfg = Debug|Any CPU
		{AFC40601-6006-4436-AAD3-F428979E777B}.Debug|Any CPU.Build.0 = Debug|Any CPU
		{AFC40601-6006-4436-AAD3-F428979E777B}.Release|Any CPU.ActiveCfg = Release|Any CPU
		{AFC40601-6006-4436-AAD3-F428979E777B}.Release|Any CPU.Build.0 = Release|Any CPU
		{C3003FC4-7EE0-4428-A770-85FB507F7065}.Debug|Any CPU.ActiveCfg = Debug|Any CPU
		{C3003FC4-7EE0-4428-A770-85FB507F7065}.Debug|Any CPU.Build.0 = Debug|Any CPU
		{C3003FC4-7EE0-4428-A770-85FB507F7065}.Release|Any CPU.ActiveCfg = Release|Any CPU
		{C3003FC4-7EE0-4428-A770-85FB507F7065}.Release|Any CPU.Build.0 = Release|Any CPU
		{89ED7D73-1375-43D0-A249-8A02565BEB20}.Debug|Any CPU.ActiveCfg = Debug|Any CPU
		{89ED7D73-1375-43D0-A249-8A02565BEB20}.Debug|Any CPU.Build.0 = Debug|Any CPU
		{89ED7D73-1375-43D0-A249-8A02565BEB20}.Release|Any CPU.ActiveCfg = Release|Any CPU
		{89ED7D73-1375-43D0-A249-8A02565BEB20}.Release|Any CPU.Build.0 = Release|Any CPU
		{7B9B241E-B35B-46DD-892D-35265E772744}.Debug|Any CPU.ActiveCfg = Debug|Any CPU
		{7B9B241E-B35B-46DD-892D-35265E772744}.Debug|Any CPU.Build.0 = Debug|Any CPU
		{7B9B241E-B35B-46DD-892D-35265E772744}.Release|Any CPU.ActiveCfg = Release|Any CPU
		{7B9B241E-B35B-46DD-892D-35265E772744}.Release|Any CPU.Build.0 = Release|Any CPU
		{DF9C6035-0FF0-47C8-B09F-C05BE6B5BB40}.Debug|Any CPU.ActiveCfg = Debug|Any CPU
		{DF9C6035-0FF0-47C8-B09F-C05BE6B5BB40}.Debug|Any CPU.Build.0 = Debug|Any CPU
		{DF9C6035-0FF0-47C8-B09F-C05BE6B5BB40}.Release|Any CPU.ActiveCfg = Release|Any CPU
		{DF9C6035-0FF0-47C8-B09F-C05BE6B5BB40}.Release|Any CPU.Build.0 = Release|Any CPU
	EndGlobalSection
	GlobalSection(SolutionProperties) = preSolution
		HideSolutionNode = FALSE
	EndGlobalSection
	GlobalSection(ExtensibilityGlobals) = postSolution
		SolutionGuid = {65A0DF20-DD42-45D9-B2F0-21C101E5FB05}
	EndGlobalSection
EndGlobal
